// !$*UTF8*$!
{
	archiveVersion = 1;
	classes = {
	};
	objectVersion = 50;
	objects = {

/* Begin PBXBuildFile section */
		D574F366222CC3AF00C0172C /* AppDelegate.swift in Sources */ = {isa = PBXBuildFile; fileRef = D574F365222CC3AF00C0172C /* AppDelegate.swift */; };
		D574F368222CC3AF00C0172C /* art.scnassets in Resources */ = {isa = PBXBuildFile; fileRef = D574F367222CC3AF00C0172C /* art.scnassets */; };
		D574F36A222CC3AF00C0172C /* ViewController.swift in Sources */ = {isa = PBXBuildFile; fileRef = D574F369222CC3AF00C0172C /* ViewController.swift */; };
		D574F36D222CC3AF00C0172C /* Main.storyboard in Resources */ = {isa = PBXBuildFile; fileRef = D574F36B222CC3AF00C0172C /* Main.storyboard */; };
		D574F36F222CC3B200C0172C /* Assets.xcassets in Resources */ = {isa = PBXBuildFile; fileRef = D574F36E222CC3B200C0172C /* Assets.xcassets */; };
		D574F372222CC3B200C0172C /* LaunchScreen.storyboard in Resources */ = {isa = PBXBuildFile; fileRef = D574F370222CC3B200C0172C /* LaunchScreen.storyboard */; };
		D574F37B222D0DFD00C0172C /* Logger.swift in Sources */ = {isa = PBXBuildFile; fileRef = D574F37A222D0DFC00C0172C /* Logger.swift */; };
		D574F37E222D2EA600C0172C /* 000028.jpg in Resources */ = {isa = PBXBuildFile; fileRef = D574F37D222D2EA600C0172C /* 000028.jpg */; };
		D574F380222D30A000C0172C /* 000034.jpg in Resources */ = {isa = PBXBuildFile; fileRef = D574F37F222D30A000C0172C /* 000034.jpg */; };
		D574F382222D316500C0172C /* 000037.jpg in Resources */ = {isa = PBXBuildFile; fileRef = D574F381222D316500C0172C /* 000037.jpg */; };
		D574F388222E374200C0172C /* 000014.jpg in Resources */ = {isa = PBXBuildFile; fileRef = D574F383222E374100C0172C /* 000014.jpg */; };
		D574F389222E374200C0172C /* 000020.jpg in Resources */ = {isa = PBXBuildFile; fileRef = D574F384222E374100C0172C /* 000020.jpg */; };
		D574F38A222E374200C0172C /* 000050.jpg in Resources */ = {isa = PBXBuildFile; fileRef = D574F385222E374200C0172C /* 000050.jpg */; };
		D574F38B222E374200C0172C /* 000019.jpg in Resources */ = {isa = PBXBuildFile; fileRef = D574F386222E374200C0172C /* 000019.jpg */; };
		D574F38C222E374200C0172C /* 000017.jpg in Resources */ = {isa = PBXBuildFile; fileRef = D574F387222E374200C0172C /* 000017.jpg */; };
		D574F38F222E3EAE00C0172C /* IMG_0244.PNG in Resources */ = {isa = PBXBuildFile; fileRef = D574F38E222E3EAE00C0172C /* IMG_0244.PNG */; };
/* End PBXBuildFile section */

/* Begin PBXFileReference section */
		D574F362222CC3AF00C0172C /* sanolabAR.app */ = {isa = PBXFileReference; explicitFileType = wrapper.application; includeInIndex = 0; path = sanolabAR.app; sourceTree = BUILT_PRODUCTS_DIR; };
		D574F365222CC3AF00C0172C /* AppDelegate.swift */ = {isa = PBXFileReference; lastKnownFileType = sourcecode.swift; path = AppDelegate.swift; sourceTree = "<group>"; };
		D574F367222CC3AF00C0172C /* art.scnassets */ = {isa = PBXFileReference; lastKnownFileType = wrapper.scnassets; path = art.scnassets; sourceTree = "<group>"; };
		D574F369222CC3AF00C0172C /* ViewController.swift */ = {isa = PBXFileReference; lastKnownFileType = sourcecode.swift; path = ViewController.swift; sourceTree = "<group>"; };
		D574F36C222CC3AF00C0172C /* Base */ = {isa = PBXFileReference; lastKnownFileType = file.storyboard; name = Base; path = Base.lproj/Main.storyboard; sourceTree = "<group>"; };
		D574F36E222CC3B200C0172C /* Assets.xcassets */ = {isa = PBXFileReference; lastKnownFileType = folder.assetcatalog; path = Assets.xcassets; sourceTree = "<group>"; };
		D574F371222CC3B200C0172C /* Base */ = {isa = PBXFileReference; lastKnownFileType = file.storyboard; name = Base; path = Base.lproj/LaunchScreen.storyboard; sourceTree = "<group>"; };
		D574F373222CC3B200C0172C /* Info.plist */ = {isa = PBXFileReference; lastKnownFileType = text.plist.xml; path = Info.plist; sourceTree = "<group>"; };
		D574F37A222D0DFC00C0172C /* Logger.swift */ = {isa = PBXFileReference; lastKnownFileType = sourcecode.swift; path = Logger.swift; sourceTree = "<group>"; };
		D574F37D222D2EA600C0172C /* 000028.jpg */ = {isa = PBXFileReference; lastKnownFileType = image.jpeg; path = 000028.jpg; sourceTree = "<group>"; };
		D574F37F222D30A000C0172C /* 000034.jpg */ = {isa = PBXFileReference; lastKnownFileType = image.jpeg; path = 000034.jpg; sourceTree = "<group>"; };
		D574F381222D316500C0172C /* 000037.jpg */ = {isa = PBXFileReference; lastKnownFileType = image.jpeg; path = 000037.jpg; sourceTree = "<group>"; };
		D574F383222E374100C0172C /* 000014.jpg */ = {isa = PBXFileReference; lastKnownFileType = image.jpeg; path = 000014.jpg; sourceTree = "<group>"; };
		D574F384222E374100C0172C /* 000020.jpg */ = {isa = PBXFileReference; lastKnownFileType = image.jpeg; path = 000020.jpg; sourceTree = "<group>"; };
		D574F385222E374200C0172C /* 000050.jpg */ = {isa = PBXFileReference; lastKnownFileType = image.jpeg; path = 000050.jpg; sourceTree = "<group>"; };
		D574F386222E374200C0172C /* 000019.jpg */ = {isa = PBXFileReference; lastKnownFileType = image.jpeg; path = 000019.jpg; sourceTree = "<group>"; };
		D574F387222E374200C0172C /* 000017.jpg */ = {isa = PBXFileReference; lastKnownFileType = image.jpeg; path = 000017.jpg; sourceTree = "<group>"; };
		D574F38E222E3EAE00C0172C /* IMG_0244.PNG */ = {isa = PBXFileReference; lastKnownFileType = image.png; path = IMG_0244.PNG; sourceTree = "<group>"; };
		D574F390222E3EB700C0172C /* ScreenRecording_03-05-2019 13-59-09.MP4 */ = {isa = PBXFileReference; lastKnownFileType = file; path = "ScreenRecording_03-05-2019 13-59-09.MP4"; sourceTree = "<group>"; };
/* End PBXFileReference section */

/* Begin PBXFrameworksBuildPhase section */
		D574F35F222CC3AF00C0172C /* Frameworks */ = {
			isa = PBXFrameworksBuildPhase;
			buildActionMask = 2147483647;
			files = (
			);
			runOnlyForDeploymentPostprocessing = 0;
		};
/* End PBXFrameworksBuildPhase section */

/* Begin PBXGroup section */
		D574F359222CC3AF00C0172C = {
			isa = PBXGroup;
			children = (
				D574F364222CC3AF00C0172C /* sanolabAR */,
				D574F363222CC3AF00C0172C /* Products */,
			);
			sourceTree = "<group>";
		};
		D574F363222CC3AF00C0172C /* Products */ = {
			isa = PBXGroup;
			children = (
				D574F362222CC3AF00C0172C /* sanolabAR.app */,
			);
			name = Products;
			sourceTree = "<group>";
		};
		D574F364222CC3AF00C0172C /* sanolabAR */ = {
			isa = PBXGroup;
			children = (
				D574F38D222E3E9C00C0172C /* Demo */,
				D574F37C222D2E8500C0172C /* Images */,
				D574F379222D0DE000C0172C /* Logger */,
				D574F365222CC3AF00C0172C /* AppDelegate.swift */,
				D574F367222CC3AF00C0172C /* art.scnassets */,
				D574F369222CC3AF00C0172C /* ViewController.swift */,
				D574F36B222CC3AF00C0172C /* Main.storyboard */,
				D574F36E222CC3B200C0172C /* Assets.xcassets */,
				D574F370222CC3B200C0172C /* LaunchScreen.storyboard */,
				D574F373222CC3B200C0172C /* Info.plist */,
			);
			path = sanolabAR;
			sourceTree = "<group>";
		};
		D574F379222D0DE000C0172C /* Logger */ = {
			isa = PBXGroup;
			children = (
				D574F37A222D0DFC00C0172C /* Logger.swift */,
			);
			path = Logger;
			sourceTree = "<group>";
		};
		D574F37C222D2E8500C0172C /* Images */ = {
			isa = PBXGroup;
			children = (
				D574F383222E374100C0172C /* 000014.jpg */,
				D574F387222E374200C0172C /* 000017.jpg */,
				D574F386222E374200C0172C /* 000019.jpg */,
				D574F384222E374100C0172C /* 000020.jpg */,
				D574F385222E374200C0172C /* 000050.jpg */,
				D574F381222D316500C0172C /* 000037.jpg */,
				D574F37F222D30A000C0172C /* 000034.jpg */,
				D574F37D222D2EA600C0172C /* 000028.jpg */,
			);
			path = Images;
			sourceTree = "<group>";
		};
		D574F38D222E3E9C00C0172C /* Demo */ = {
			isa = PBXGroup;
			children = (
				D574F38E222E3EAE00C0172C /* IMG_0244.PNG */,
				D574F390222E3EB700C0172C /* ScreenRecording_03-05-2019 13-59-09.MP4 */,
			);
			path = Demo;
			sourceTree = "<group>";
		};
/* End PBXGroup section */

/* Begin PBXNativeTarget section */
		D574F361222CC3AF00C0172C /* sanolabAR */ = {
			isa = PBXNativeTarget;
			buildConfigurationList = D574F376222CC3B200C0172C /* Build configuration list for PBXNativeTarget "sanolabAR" */;
			buildPhases = (
				D574F35E222CC3AF00C0172C /* Sources */,
				D574F35F222CC3AF00C0172C /* Frameworks */,
				D574F360222CC3AF00C0172C /* Resources */,
			);
			buildRules = (
			);
			dependencies = (
			);
			name = sanolabAR;
			productName = sanolabAR;
			productReference = D574F362222CC3AF00C0172C /* sanolabAR.app */;
			productType = "com.apple.product-type.application";
		};
/* End PBXNativeTarget section */

/* Begin PBXProject section */
		D574F35A222CC3AF00C0172C /* Project object */ = {
			isa = PBXProject;
			attributes = {
				LastSwiftUpdateCheck = 1010;
				LastUpgradeCheck = 1010;
				ORGANIZATIONNAME = yodaaa;
				TargetAttributes = {
					D574F361222CC3AF00C0172C = {
						CreatedOnToolsVersion = 10.1;
					};
				};
			};
			buildConfigurationList = D574F35D222CC3AF00C0172C /* Build configuration list for PBXProject "sanolabAR" */;
			compatibilityVersion = "Xcode 9.3";
			developmentRegion = en;
			hasScannedForEncodings = 0;
			knownRegions = (
				en,
				Base,
			);
			mainGroup = D574F359222CC3AF00C0172C;
			productRefGroup = D574F363222CC3AF00C0172C /* Products */;
			projectDirPath = "";
			projectRoot = "";
			targets = (
				D574F361222CC3AF00C0172C /* sanolabAR */,
			);
		};
/* End PBXProject section */

/* Begin PBXResourcesBuildPhase section */
		D574F360222CC3AF00C0172C /* Resources */ = {
			isa = PBXResourcesBuildPhase;
			buildActionMask = 2147483647;
			files = (
				D574F380222D30A000C0172C /* 000034.jpg in Resources */,
				D574F38C222E374200C0172C /* 000017.jpg in Resources */,
				D574F368222CC3AF00C0172C /* art.scnassets in Resources */,
				D574F38B222E374200C0172C /* 000019.jpg in Resources */,
				D574F372222CC3B200C0172C /* LaunchScreen.storyboard in Resources */,
				D574F389222E374200C0172C /* 000020.jpg in Resources */,
				D574F36F222CC3B200C0172C /* Assets.xcassets in Resources */,
				D574F38F222E3EAE00C0172C /* IMG_0244.PNG in Resources */,
				D574F382222D316500C0172C /* 000037.jpg in Resources */,
				D574F37E222D2EA600C0172C /* 000028.jpg in Resources */,
				D574F388222E374200C0172C /* 000014.jpg in Resources */,
				D574F38A222E374200C0172C /* 000050.jpg in Resources */,
				D574F36D222CC3AF00C0172C /* Main.storyboard in Resources */,
			);
			runOnlyForDeploymentPostprocessing = 0;
		};
/* End PBXResourcesBuildPhase section */

/* Begin PBXSourcesBuildPhase section */
		D574F35E222CC3AF00C0172C /* Sources */ = {
			isa = PBXSourcesBuildPhase;
			buildActionMask = 2147483647;
			files = (
				D574F36A222CC3AF00C0172C /* ViewController.swift in Sources */,
				D574F37B222D0DFD00C0172C /* Logger.swift in Sources */,
				D574F366222CC3AF00C0172C /* AppDelegate.swift in Sources */,
			);
			runOnlyForDeploymentPostprocessing = 0;
		};
/* End PBXSourcesBuildPhase section */

/* Begin PBXVariantGroup section */
		D574F36B222CC3AF00C0172C /* Main.storyboard */ = {
			isa = PBXVariantGroup;
			children = (
				D574F36C222CC3AF00C0172C /* Base */,
			);
			name = Main.storyboard;
			sourceTree = "<group>";
		};
		D574F370222CC3B200C0172C /* LaunchScreen.storyboard */ = {
			isa = PBXVariantGroup;
			children = (
				D574F371222CC3B200C0172C /* Base */,
			);
			name = LaunchScreen.storyboard;
			sourceTree = "<group>";
		};
/* End PBXVariantGroup section */

/* Begin XCBuildConfiguration section */
		D574F374222CC3B200C0172C /* Debug */ = {
			isa = XCBuildConfiguration;
			buildSettings = {
				ALWAYS_SEARCH_USER_PATHS = NO;
				CLANG_ANALYZER_NONNULL = YES;
				CLANG_ANALYZER_NUMBER_OBJECT_CONVERSION = YES_AGGRESSIVE;
				CLANG_CXX_LANGUAGE_STANDARD = "gnu++14";
				CLANG_CXX_LIBRARY = "libc++";
				CLANG_ENABLE_MODULES = YES;
				CLANG_ENABLE_OBJC_ARC = YES;
				CLANG_ENABLE_OBJC_WEAK = YES;
				CLANG_WARN_BLOCK_CAPTURE_AUTORELEASING = YES;
				CLANG_WARN_BOOL_CONVERSION = YES;
				CLANG_WARN_COMMA = YES;
				CLANG_WARN_CONSTANT_CONVERSION = YES;
				CLANG_WARN_DEPRECATED_OBJC_IMPLEMENTATIONS = YES;
				CLANG_WARN_DIRECT_OBJC_ISA_USAGE = YES_ERROR;
				CLANG_WARN_DOCUMENTATION_COMMENTS = YES;
				CLANG_WARN_EMPTY_BODY = YES;
				CLANG_WARN_ENUM_CONVERSION = YES;
				CLANG_WARN_INFINITE_RECURSION = YES;
				CLANG_WARN_INT_CONVERSION = YES;
				CLANG_WARN_NON_LITERAL_NULL_CONVERSION = YES;
				CLANG_WARN_OBJC_IMPLICIT_RETAIN_SELF = YES;
				CLANG_WARN_OBJC_LITERAL_CONVERSION = YES;
				CLANG_WARN_OBJC_ROOT_CLASS = YES_ERROR;
				CLANG_WARN_RANGE_LOOP_ANALYSIS = YES;
				CLANG_WARN_STRICT_PROTOTYPES = YES;
				CLANG_WARN_SUSPICIOUS_MOVE = YES;
				CLANG_WARN_UNGUARDED_AVAILABILITY = YES_AGGRESSIVE;
				CLANG_WARN_UNREACHABLE_CODE = YES;
				CLANG_WARN__DUPLICATE_METHOD_MATCH = YES;
				CODE_SIGN_IDENTITY = "iPhone Developer";
				COPY_PHASE_STRIP = NO;
				DEBUG_INFORMATION_FORMAT = dwarf;
				ENABLE_STRICT_OBJC_MSGSEND = YES;
				ENABLE_TESTABILITY = YES;
				GCC_C_LANGUAGE_STANDARD = gnu11;
				GCC_DYNAMIC_NO_PIC = NO;
				GCC_NO_COMMON_BLOCKS = YES;
				GCC_OPTIMIZATION_LEVEL = 0;
				GCC_PREPROCESSOR_DEFINITIONS = (
					"DEBUG=1",
					"$(inherited)",
				);
				GCC_WARN_64_TO_32_BIT_CONVERSION = YES;
				GCC_WARN_ABOUT_RETURN_TYPE = YES_ERROR;
				GCC_WARN_UNDECLARED_SELECTOR = YES;
				GCC_WARN_UNINITIALIZED_AUTOS = YES_AGGRESSIVE;
				GCC_WARN_UNUSED_FUNCTION = YES;
				GCC_WARN_UNUSED_VARIABLE = YES;
				IPHONEOS_DEPLOYMENT_TARGET = 12.1;
				MTL_ENABLE_DEBUG_INFO = INCLUDE_SOURCE;
				MTL_FAST_MATH = YES;
				ONLY_ACTIVE_ARCH = YES;
				SDKROOT = iphoneos;
				SWIFT_ACTIVE_COMPILATION_CONDITIONS = DEBUG;
				SWIFT_OPTIMIZATION_LEVEL = "-Onone";
			};
			name = Debug;
		};
		D574F375222CC3B200C0172C /* Release */ = {
			isa = XCBuildConfiguration;
			buildSettings = {
				ALWAYS_SEARCH_USER_PATHS = NO;
				CLANG_ANALYZER_NONNULL = YES;
				CLANG_ANALYZER_NUMBER_OBJECT_CONVERSION = YES_AGGRESSIVE;
				CLANG_CXX_LANGUAGE_STANDARD = "gnu++14";
				CLANG_CXX_LIBRARY = "libc++";
				CLANG_ENABLE_MODULES = YES;
				CLANG_ENABLE_OBJC_ARC = YES;
				CLANG_ENABLE_OBJC_WEAK = YES;
				CLANG_WARN_BLOCK_CAPTURE_AUTORELEASING = YES;
				CLANG_WARN_BOOL_CONVERSION = YES;
				CLANG_WARN_COMMA = YES;
				CLANG_WARN_CONSTANT_CONVERSION = YES;
				CLANG_WARN_DEPRECATED_OBJC_IMPLEMENTATIONS = YES;
				CLANG_WARN_DIRECT_OBJC_ISA_USAGE = YES_ERROR;
				CLANG_WARN_DOCUMENTATION_COMMENTS = YES;
				CLANG_WARN_EMPTY_BODY = YES;
				CLANG_WARN_ENUM_CONVERSION = YES;
				CLANG_WARN_INFINITE_RECURSION = YES;
				CLANG_WARN_INT_CONVERSION = YES;
				CLANG_WARN_NON_LITERAL_NULL_CONVERSION = YES;
				CLANG_WARN_OBJC_IMPLICIT_RETAIN_SELF = YES;
				CLANG_WARN_OBJC_LITERAL_CONVERSION = YES;
				CLANG_WARN_OBJC_ROOT_CLASS = YES_ERROR;
				CLANG_WARN_RANGE_LOOP_ANALYSIS = YES;
				CLANG_WARN_STRICT_PROTOTYPES = YES;
				CLANG_WARN_SUSPICIOUS_MOVE = YES;
				CLANG_WARN_UNGUARDED_AVAILABILITY = YES_AGGRESSIVE;
				CLANG_WARN_UNREACHABLE_CODE = YES;
				CLANG_WARN__DUPLICATE_METHOD_MATCH = YES;
				CODE_SIGN_IDENTITY = "iPhone Developer";
				COPY_PHASE_STRIP = NO;
				DEBUG_INFORMATION_FORMAT = "dwarf-with-dsym";
				ENABLE_NS_ASSERTIONS = NO;
				ENABLE_STRICT_OBJC_MSGSEND = YES;
				GCC_C_LANGUAGE_STANDARD = gnu11;
				GCC_NO_COMMON_BLOCKS = YES;
				GCC_WARN_64_TO_32_BIT_CONVERSION = YES;
				GCC_WARN_ABOUT_RETURN_TYPE = YES_ERROR;
				GCC_WARN_UNDECLARED_SELECTOR = YES;
				GCC_WARN_UNINITIALIZED_AUTOS = YES_AGGRESSIVE;
				GCC_WARN_UNUSED_FUNCTION = YES;
				GCC_WARN_UNUSED_VARIABLE = YES;
				IPHONEOS_DEPLOYMENT_TARGET = 12.1;
				MTL_ENABLE_DEBUG_INFO = NO;
				MTL_FAST_MATH = YES;
				SDKROOT = iphoneos;
				SWIFT_COMPILATION_MODE = wholemodule;
				SWIFT_OPTIMIZATION_LEVEL = "-O";
				VALIDATE_PRODUCT = YES;
			};
			name = Release;
		};
		D574F377222CC3B200C0172C /* Debug */ = {
			isa = XCBuildConfiguration;
			buildSettings = {
				ASSETCATALOG_COMPILER_APPICON_NAME = AppIcon;
				CODE_SIGN_STYLE = Automatic;
				DEVELOPMENT_TEAM = SKGH3PPX4X;
				INFOPLIST_FILE = sanolabAR/Info.plist;
				IPHONEOS_DEPLOYMENT_TARGET = 12.0;
				LD_RUNPATH_SEARCH_PATHS = (
					"$(inherited)",
					"@executable_path/Frameworks",
				);
				PRODUCT_BUNDLE_IDENTIFIER = com.yodaaa.sanolabAR;
				PRODUCT_NAME = "$(TARGET_NAME)";
				SWIFT_VERSION = 4.2;
				TARGETED_DEVICE_FAMILY = "1,2";
			};
			name = Debug;
		};
		D574F378222CC3B200C0172C /* Release */ = {
			isa = XCBuildConfiguration;
			buildSettings = {
				ASSETCATALOG_COMPILER_APPICON_NAME = AppIcon;
				CODE_SIGN_STYLE = Automatic;
				DEVELOPMENT_TEAM = SKGH3PPX4X;
				INFOPLIST_FILE = sanolabAR/Info.plist;
				IPHONEOS_DEPLOYMENT_TARGET = 12.0;
				LD_RUNPATH_SEARCH_PATHS = (
					"$(inherited)",
					"@executable_path/Frameworks",
				);
				PRODUCT_BUNDLE_IDENTIFIER = com.yodaaa.sanolabAR;
				PRODUCT_NAME = "$(TARGET_NAME)";
				SWIFT_VERSION = 4.2;
				TARGETED_DEVICE_FAMILY = "1,2";
			};
			name = Release;
		};
/* End XCBuildConfiguration section */

/* Begin XCConfigurationList section */
		D574F35D222CC3AF00C0172C /* Build configuration list for PBXProject "sanolabAR" */ = {
			isa = XCConfigurationList;
			buildConfigurations = (
				D574F374222CC3B200C0172C /* Debug */,
				D574F375222CC3B200C0172C /* Release */,
			);
			defaultConfigurationIsVisible = 0;
			defaultConfigurationName = Release;
		};
		D574F376222CC3B200C0172C /* Build configuration list for PBXNativeTarget "sanolabAR" */ = {
			isa = XCConfigurationList;
			buildConfigurations = (
				D574F377222CC3B200C0172C /* Debug */,
				D574F378222CC3B200C0172C /* Release */,
			);
			defaultConfigurationIsVisible = 0;
			defaultConfigurationName = Release;
		};
/* End XCConfigurationList section */
	};
	rootObject = D574F35A222CC3AF00C0172C /* Project object */;
}
